%{"acceptor_pool": {:hex, :acceptor_pool, "1.0.0-rc.0", "679d741df87fc13599b1aef2df8f78f1f880449a6befab7c44fb6fae0e92a2de", [:rebar3], [], "hexpm"},
  "basho_stats": {:hex, :basho_stats, "1.0.3", "7e1174151509c64fcc1934120ed32295e14f84daae7f84926ba2c8d3700d146c", [:rebar3], [], "hexpm"},
  "bear": {:hex, :bear, "0.8.5", "e95fca1627cd9e15baf93ce0a52aff16917baf325f0ee65b88cd715376cd2344", [:rebar3], [], "hexpm"},
  "blume": {:hex, :blume, "0.1.0", "62dda46b43e24d4b8d5407b8f6ddb78ebd2a8cdc84d9bc822cddaef6f402f3eb", [:rebar3], [], "hexpm"},
  "chash": {:hex, :chash, "0.1.2", "af02484f2640c653c4b9a8557a14ca0704989dbedb27e7ccbc442f1903a3bca7", [:rebar3], [], "hexpm"},
  "clique": {:hex, :clique, "3.0.1", "8c88f2349c7c550d3a2f44e63c30128782b724b0987084370a120700c3ea7564", [:rebar3], [{:cuttlefish, "2.0.7", [hex: :cuttlefish, repo: "hexpm", optional: false]}], "hexpm"},
  "cuttlefish": {:git, "https://github.com/lasp-lang/cuttlefish.git", "42d0aa275deeb8ae6640fa65053ec626f9cbff64", [branch: "develop"]},
  "eleveldb": {:hex, :eleveldb, "2.2.20", "1fff63a5055bbf4bf821f797ef76065882b193f5e8095f95fcd9287187773b58", [:rebar3], [], "hexpm"},
  "exometer_core": {:hex, :basho_exometer_core, "1.0.2", "dc4bc9b0b47edee0c053b16ac5b9c692e662c7e1513ffc96f4d928bc3328d65f", [:rebar3], [{:folsom, "~>0.8.3", [hex: :folsom, repo: "hexpm", optional: false]}, {:lager, "~>3.2.0", [hex: :lager, repo: "hexpm", optional: false]}, {:parse_trans, "~>2.9.0", [hex: :parse_trans, repo: "hexpm", optional: false]}, {:setup, "~>1.7.0", [hex: :setup, repo: "hexpm", optional: false]}], "hexpm"},
  "folsom": {:hex, :folsom, "0.8.5", "94a027b56fe84feed264f9b33cb4c6ac9a801fad84b87dbda0836ce83c3b8d69", [:rebar3], [{:bear, "0.8.5", [hex: :bear, repo: "hexpm", optional: false]}], "hexpm"},
  "getopt": {:git, "https://github.com/jcomellas/getopt.git", "68fe326f2c7585eb32a5b136dffc75428a53fc02", [branch: "master"]},
  "goldrush": {:hex, :goldrush, "0.1.9", "f06e5d5f1277da5c413e84d5a2924174182fb108dabb39d5ec548b27424cd106", [:rebar3], [], "hexpm"},
  "jam": {:hex, :jam, "1.0.0", "ed9b180f2f3a775e6a47ac490954976802f0638c19a393f3e86d4ba4cf890582", [:rebar3], [], "hexpm"},
  "lager": {:hex, :lager, "3.5.1", "63897a61af646c59bb928fee9756ce8bdd02d5a1a2f3551d4a5e38386c2cc071", [:rebar3], [{:goldrush, "0.1.9", [hex: :goldrush, repo: "hexpm", optional: false]}], "hexpm"},
  "neotoma": {:git, "https://github.com/basho/neotoma.git", "9e57d8ebd4ebb02c3e2428b08f3a01e2ff834ce2", [branch: "master"]},
  "parse_trans": {:hex, :parse_trans, "3.0.0", "9e96b1c9c3a0df54e7b76f8f685d38bfa1eb21b31e042b1d1a5a70258e4db1e3", [:rebar3], [], "hexpm"},
  "partisan": {:git, "https://github.com/lasp-lang/partisan", "010e706af9e9a24257aafd4cb912b3489056c8ed", [branch: "master"]},
  "pbkdf2": {:hex, :pbkdf2, "2.0.0", "11c23279fded5c0027ab3996cfae77805521d7ef4babde2bd7ec04a9086cf499", [:rebar3], [], "hexpm"},
  "poolboy": {:git, "https://github.com/basho/poolboy.git", "25ec551577b10c6689ede0f6ecc38fe9413adb5a", [branch: "develop"]},
  "rand_compat": {:hex, :rand_compat, "0.0.1", "624b590931d27252d0bcf710211699db3695540706f57d2e91b918a17ab58839", [:rebar3], [], "hexpm"},
  "riak_ensemble": {:git, "https://github.com/lasp-lang/riak_ensemble.git", "1ebdae3c26f7a33a7223b07dd822e83ca8c733f1", [branch: "develop"]},
  "riak_sysmon": {:hex, :riak_sysmon, "2.1.5", "2331bbcaebe73ea7b2449f4c765827142476cc73d7d86999b4209ee005694d6b", [:rebar3], [], "hexpm"},
  "setup": {:hex, :setup, "1.7.0", "15df8e57c6df9755e22bfb1aef0c640bd97e9889396fdfb2a85a5536a9043674", [:rebar3], [], "hexpm"},
  "time_compat": {:hex, :time_compat, "0.0.1", "23fe0ad1fdf3b5b88821b2d04b4b5e865bf587ae66056d671fe0f53514ed8139", [:rebar3], [], "hexpm"},
  "types": {:hex, :types, "0.1.6", "03bb7140016c896d3441a77cb0b7d6acaa583d6d6e9c4a3e1fd3c25123710290", [:rebar3], [], "hexpm"}}
